
Microsoft Visual Studio Solution File, Format Version 12.00
# Visual Studio Version 17
VisualStudioVersion = 17.0.31903.59
MinimumVisualStudioVersion = 10.0.40219.1
Project("{2150E333-8FDC-42A3-9474-1A3956D46DE8}") = "src", "src", "{323F22C2-BBBA-4BD5-BE75-153ADA836AAE}"
EndProject
Project("{9A19103F-16F7-4668-BE54-9A1E7A4F7556}") = "AuctionService", "src\AuctionService\AuctionService.csproj", "{170602BC-6CC7-4BC2-B3A2-B408E5874FF6}"
EndProject
Project("{9A19103F-16F7-4668-BE54-9A1E7A4F7556}") = "SearchService", "src\SearchService\SearchService.csproj", "{85773E37-AE0E-4F57-8F38-50FAAD7784F7}"
EndProject
Project("{FAE04EC0-301F-11D3-BF4B-00C04F79EFBC}") = "Contracts", "Contracts\Contracts.csproj", "{86B266CB-250F-4E53-9A31-DCDB4CC1BCF6}"
EndProject
Global
	GlobalSection(SolutionConfigurationPlatforms) = preSolution
		Debug|Any CPU = Debug|Any CPU
		Release|Any CPU = Release|Any CPU
	EndGlobalSection
	GlobalSection(ProjectConfigurationPlatforms) = postSolution
		{170602BC-6CC7-4BC2-B3A2-B408E5874FF6}.Debug|Any CPU.ActiveCfg = Debug|Any CPU
		{170602BC-6CC7-4BC2-B3A2-B408E5874FF6}.Debug|Any CPU.Build.0 = Debug|Any CPU
		{170602BC-6CC7-4BC2-B3A2-B408E5874FF6}.Release|Any CPU.ActiveCfg = Release|Any CPU
		{170602BC-6CC7-4BC2-B3A2-B408E5874FF6}.Release|Any CPU.Build.0 = Release|Any CPU
		{85773E37-AE0E-4F57-8F38-50FAAD7784F7}.Debug|Any CPU.ActiveCfg = Debug|Any CPU
		{85773E37-AE0E-4F57-8F38-50FAAD7784F7}.Debug|Any CPU.Build.0 = Debug|Any CPU
		{85773E37-AE0E-4F57-8F38-50FAAD7784F7}.Release|Any CPU.ActiveCfg = Release|Any CPU
		{85773E37-AE0E-4F57-8F38-50FAAD7784F7}.Release|Any CPU.Build.0 = Release|Any CPU
		{86B266CB-250F-4E53-9A31-DCDB4CC1BCF6}.Debug|Any CPU.ActiveCfg = Debug|Any CPU
		{86B266CB-250F-4E53-9A31-DCDB4CC1BCF6}.Debug|Any CPU.Build.0 = Debug|Any CPU
		{86B266CB-250F-4E53-9A31-DCDB4CC1BCF6}.Release|Any CPU.ActiveCfg = Release|Any CPU
		{86B266CB-250F-4E53-9A31-DCDB4CC1BCF6}.Release|Any CPU.Build.0 = Release|Any CPU
	EndGlobalSection
	GlobalSection(SolutionProperties) = preSolution
		HideSolutionNode = FALSE
	EndGlobalSection
	GlobalSection(NestedProjects) = preSolution
		{170602BC-6CC7-4BC2-B3A2-B408E5874FF6} = {323F22C2-BBBA-4BD5-BE75-153ADA836AAE}
		{85773E37-AE0E-4F57-8F38-50FAAD7784F7} = {323F22C2-BBBA-4BD5-BE75-153ADA836AAE}
		{86B266CB-250F-4E53-9A31-DCDB4CC1BCF6} = {323F22C2-BBBA-4BD5-BE75-153ADA836AAE}
	EndGlobalSection
EndGlobal
